
Microsoft Visual Studio Solution File, Format Version 12.00
# Visual Studio Version 16
VisualStudioVersion = 16.0.808.3
MinimumVisualStudioVersion = 10.0.40219.1
Project("{FAE04EC0-301F-11D3-BF4B-00C04F79EFBC}") = "gtk_ls", "gtk_ls.csproj", "{D895DB35-E5DA-404A-A65E-F2384701D041}"
EndProject
Global
	GlobalSection(SolutionConfigurationPlatforms) = preSolution
		Debug|anycpu = Debug|anycpu
		Release|anycpu = Release|anycpu
	EndGlobalSection
	GlobalSection(ProjectConfigurationPlatforms) = postSolution
		{D895DB35-E5DA-404A-A65E-F2384701D041}.Debug|anycpu.ActiveCfg = Debug|anycpu
		{D895DB35-E5DA-404A-A65E-F2384701D041}.Debug|anycpu.Build.0 = Debug|anycpu
		{D895DB35-E5DA-404A-A65E-F2384701D041}.Release|anycpu.ActiveCfg = Release|anycpu
		{D895DB35-E5DA-404A-A65E-F2384701D041}.Release|anycpu.Build.0 = Release|anycpu
	EndGlobalSection
	GlobalSection(SolutionProperties) = preSolution
		HideSolutionNode = FALSE
	EndGlobalSection
	GlobalSection(ExtensibilityGlobals) = postSolution
		SolutionGuid = {A811F32F-8A72-479E-A25E-ADF05564D7C9}
	EndGlobalSection
EndGlobal
